
Microsoft Visual Studio Solution File, Format Version 12.00
# Visual Studio Version 17
VisualStudioVersion = 17.0.32126.317
MinimumVisualStudioVersion = 10.0.40219.1
Project("{9A19103F-16F7-4668-BE54-9A1E7A4F7556}") = "GraphUtils", "GraphUtils\GraphUtils.csproj", "{AD6266FA-C27F-4D26-874C-41B6B4C4FD3B}"
EndProject
Project("{9A19103F-16F7-4668-BE54-9A1E7A4F7556}") = "IA", "IA\IA.csproj", "{08CE3181-A35A-4F70-BB89-4C0C356351AB}"
EndProject
Global
	GlobalSection(SolutionConfigurationPlatforms) = preSolution
		Trabalho03|Any CPU = Trabalho03|Any CPU
		Trabalho04|Any CPU = Trabalho04|Any CPU
	EndGlobalSection
	GlobalSection(ProjectConfigurationPlatforms) = postSolution
		{AD6266FA-C27F-4D26-874C-41B6B4C4FD3B}.Trabalho03|Any CPU.ActiveCfg = Trabalho03|Any CPU
		{AD6266FA-C27F-4D26-874C-41B6B4C4FD3B}.Trabalho03|Any CPU.Build.0 = Trabalho03|Any CPU
		{AD6266FA-C27F-4D26-874C-41B6B4C4FD3B}.Trabalho04|Any CPU.ActiveCfg = Trabalho04|Any CPU
		{AD6266FA-C27F-4D26-874C-41B6B4C4FD3B}.Trabalho04|Any CPU.Build.0 = Trabalho04|Any CPU
		{08CE3181-A35A-4F70-BB89-4C0C356351AB}.Trabalho03|Any CPU.ActiveCfg = Trabalho03|Any CPU
		{08CE3181-A35A-4F70-BB89-4C0C356351AB}.Trabalho03|Any CPU.Build.0 = Trabalho03|Any CPU
		{08CE3181-A35A-4F70-BB89-4C0C356351AB}.Trabalho04|Any CPU.ActiveCfg = Trabalho04|Any CPU
		{08CE3181-A35A-4F70-BB89-4C0C356351AB}.Trabalho04|Any CPU.Build.0 = Trabalho04|Any CPU
	EndGlobalSection
	GlobalSection(SolutionProperties) = preSolution
		HideSolutionNode = FALSE
	EndGlobalSection
	GlobalSection(ExtensibilityGlobals) = postSolution
		SolutionGuid = {FD5151AD-D3AA-45EF-B1D4-EAE17925721F}
	EndGlobalSection
EndGlobal
